// !$*UTF8*$!
{
	archiveVersion = 1;
	classes = {
	};
	objectVersion = 50;
	objects = {

/* Begin PBXBuildFile section */
		9B562AD3271B3A5800FB0EA4 /* AppDelegate.swift in Sources */ = {isa = PBXBuildFile; fileRef = 9B562AD2271B3A5800FB0EA4 /* AppDelegate.swift */; };
		9B562AD5271B3A5800FB0EA4 /* art.scnassets in Resources */ = {isa = PBXBuildFile; fileRef = 9B562AD4271B3A5800FB0EA4 /* art.scnassets */; };
		9B562AD7271B3A5800FB0EA4 /* ViewController.swift in Sources */ = {isa = PBXBuildFile; fileRef = 9B562AD6271B3A5800FB0EA4 /* ViewController.swift */; };
		9B562ADA271B3A5800FB0EA4 /* Main.storyboard in Resources */ = {isa = PBXBuildFile; fileRef = 9B562AD8271B3A5800FB0EA4 /* Main.storyboard */; };
		9B562ADC271B3A5800FB0EA4 /* Assets.xcassets in Resources */ = {isa = PBXBuildFile; fileRef = 9B562ADB271B3A5800FB0EA4 /* Assets.xcassets */; };
		9B562ADF271B3A5800FB0EA4 /* LaunchScreen.storyboard in Resources */ = {isa = PBXBuildFile; fileRef = 9B562ADD271B3A5800FB0EA4 /* LaunchScreen.storyboard */; };
		9B845FEE271C91C9004640D0 /* ScreenShot.PNG in Resources */ = {isa = PBXBuildFile; fileRef = 9B845FED271C91C9004640D0 /* ScreenShot.PNG */; };
/* End PBXBuildFile section */

/* Begin PBXFileReference section */
		9B562ACF271B3A5800FB0EA4 /* Finding Surfaces.app */ = {isa = PBXFileReference; explicitFileType = wrapper.application; includeInIndex = 0; path = "Finding Surfaces.app"; sourceTree = BUILT_PRODUCTS_DIR; };
		9B562AD2271B3A5800FB0EA4 /* AppDelegate.swift */ = {isa = PBXFileReference; lastKnownFileType = sourcecode.swift; path = AppDelegate.swift; sourceTree = "<group>"; };
		9B562AD4271B3A5800FB0EA4 /* art.scnassets */ = {isa = PBXFileReference; lastKnownFileType = wrapper.scnassets; path = art.scnassets; sourceTree = "<group>"; };
		9B562AD6271B3A5800FB0EA4 /* ViewController.swift */ = {isa = PBXFileReference; lastKnownFileType = sourcecode.swift; path = ViewController.swift; sourceTree = "<group>"; };
		9B562AD9271B3A5800FB0EA4 /* Base */ = {isa = PBXFileReference; lastKnownFileType = file.storyboard; name = Base; path = Base.lproj/Main.storyboard; sourceTree = "<group>"; };
		9B562ADB271B3A5800FB0EA4 /* Assets.xcassets */ = {isa = PBXFileReference; lastKnownFileType = folder.assetcatalog; path = Assets.xcassets; sourceTree = "<group>"; };
		9B562ADE271B3A5800FB0EA4 /* Base */ = {isa = PBXFileReference; lastKnownFileType = file.storyboard; name = Base; path = Base.lproj/LaunchScreen.storyboard; sourceTree = "<group>"; };
		9B562AE0271B3A5800FB0EA4 /* Info.plist */ = {isa = PBXFileReference; lastKnownFileType = text.plist.xml; path = Info.plist; sourceTree = "<group>"; };
		9B845FED271C91C9004640D0 /* ScreenShot.PNG */ = {isa = PBXFileReference; lastKnownFileType = image.png; path = ScreenShot.PNG; sourceTree = SOURCE_ROOT; };
/* End PBXFileReference section */

/* Begin PBXFrameworksBuildPhase section */
		9B562ACC271B3A5800FB0EA4 /* Frameworks */ = {
			isa = PBXFrameworksBuildPhase;
			buildActionMask = 2147483647;
			files = (
			);
			runOnlyForDeploymentPostprocessing = 0;
		};
/* End PBXFrameworksBuildPhase section */

/* Begin PBXGroup section */
		9B562AC6271B3A5800FB0EA4 = {
			isa = PBXGroup;
			children = (
				9B562AD1271B3A5800FB0EA4 /* Finding Surfaces */,
				9B562AD0271B3A5800FB0EA4 /* Products */,
			);
			sourceTree = "<group>";
		};
		9B562AD0271B3A5800FB0EA4 /* Products */ = {
			isa = PBXGroup;
			children = (
				9B562ACF271B3A5800FB0EA4 /* Finding Surfaces.app */,
			);
			name = Products;
			sourceTree = "<group>";
		};
		9B562AD1271B3A5800FB0EA4 /* Finding Surfaces */ = {
			isa = PBXGroup;
			children = (
				9B845FEC271C91B6004640D0 /* Screenshot */,
				9B562AD2271B3A5800FB0EA4 /* AppDelegate.swift */,
				9B562AD4271B3A5800FB0EA4 /* art.scnassets */,
				9B562AD6271B3A5800FB0EA4 /* ViewController.swift */,
				9B562AD8271B3A5800FB0EA4 /* Main.storyboard */,
				9B562ADB271B3A5800FB0EA4 /* Assets.xcassets */,
				9B562ADD271B3A5800FB0EA4 /* LaunchScreen.storyboard */,
				9B562AE0271B3A5800FB0EA4 /* Info.plist */,
			);
			path = "Finding Surfaces";
			sourceTree = "<group>";
		};
		9B845FEC271C91B6004640D0 /* Screenshot */ = {
			isa = PBXGroup;
			children = (
				9B845FED271C91C9004640D0 /* ScreenShot.PNG */,
			);
			path = Screenshot;
			sourceTree = "<group>";
		};
/* End PBXGroup section */

/* Begin PBXNativeTarget section */
		9B562ACE271B3A5800FB0EA4 /* Finding Surfaces */ = {
			isa = PBXNativeTarget;
			buildConfigurationList = 9B562AE3271B3A5800FB0EA4 /* Build configuration list for PBXNativeTarget "Finding Surfaces" */;
			buildPhases = (
				9B562ACB271B3A5800FB0EA4 /* Sources */,
				9B562ACC271B3A5800FB0EA4 /* Frameworks */,
				9B562ACD271B3A5800FB0EA4 /* Resources */,
			);
			buildRules = (
			);
			dependencies = (
			);
			name = "Finding Surfaces";
			productName = "Finding Surfaces";
			productReference = 9B562ACF271B3A5800FB0EA4 /* Finding Surfaces.app */;
			productType = "com.apple.product-type.application";
		};
/* End PBXNativeTarget section */

/* Begin PBXProject section */
		9B562AC7271B3A5800FB0EA4 /* Project object */ = {
			isa = PBXProject;
			attributes = {
				LastSwiftUpdateCheck = 1250;
				LastUpgradeCheck = 1250;
				TargetAttributes = {
					9B562ACE271B3A5800FB0EA4 = {
						CreatedOnToolsVersion = 12.5;
					};
				};
			};
			buildConfigurationList = 9B562ACA271B3A5800FB0EA4 /* Build configuration list for PBXProject "Finding Surfaces" */;
			compatibilityVersion = "Xcode 9.3";
			developmentRegion = en;
			hasScannedForEncodings = 0;
			knownRegions = (
				en,
				Base,
			);
			mainGroup = 9B562AC6271B3A5800FB0EA4;
			productRefGroup = 9B562AD0271B3A5800FB0EA4 /* Products */;
			projectDirPath = "";
			projectRoot = "";
			targets = (
				9B562ACE271B3A5800FB0EA4 /* Finding Surfaces */,
			);
		};
/* End PBXProject section */

/* Begin PBXResourcesBuildPhase section */
		9B562ACD271B3A5800FB0EA4 /* Resources */ = {
			isa = PBXResourcesBuildPhase;
			buildActionMask = 2147483647;
			files = (
				9B562AD5271B3A5800FB0EA4 /* art.scnassets in Resources */,
				9B562ADF271B3A5800FB0EA4 /* LaunchScreen.storyboard in Resources */,
				9B845FEE271C91C9004640D0 /* ScreenShot.PNG in Resources */,
				9B562ADC271B3A5800FB0EA4 /* Assets.xcassets in Resources */,
				9B562ADA271B3A5800FB0EA4 /* Main.storyboard in Resources */,
			);
			runOnlyForDeploymentPostprocessing = 0;
		};
/* End PBXResourcesBuildPhase section */

/* Begin PBXSourcesBuildPhase section */
		9B562ACB271B3A5800FB0EA4 /* Sources */ = {
			isa = PBXSourcesBuildPhase;
			buildActionMask = 2147483647;
			files = (
				9B562AD7271B3A5800FB0EA4 /* ViewController.swift in Sources */,
				9B562AD3271B3A5800FB0EA4 /* AppDelegate.swift in Sources */,
			);
			runOnlyForDeploymentPostprocessing = 0;
		};
/* End PBXSourcesBuildPhase section */

/* Begin PBXVariantGroup section */
		9B562AD8271B3A5800FB0EA4 /* Main.storyboard */ = {
			isa = PBXVariantGroup;
			children = (
				9B562AD9271B3A5800FB0EA4 /* Base */,
			);
			name = Main.storyboard;
			sourceTree = "<group>";
		};
		9B562ADD271B3A5800FB0EA4 /* LaunchScreen.storyboard */ = {
			isa = PBXVariantGroup;
			children = (
				9B562ADE271B3A5800FB0EA4 /* Base */,
			);
			name = LaunchScreen.storyboard;
			sourceTree = "<group>";
		};
/* End PBXVariantGroup section */

/* Begin XCBuildConfiguration section */
		9B562AE1271B3A5800FB0EA4 /* Debug */ = {
			isa = XCBuildConfiguration;
			buildSettings = {
				ALWAYS_SEARCH_USER_PATHS = NO;
				CLANG_ANALYZER_NONNULL = YES;
				CLANG_ANALYZER_NUMBER_OBJECT_CONVERSION = YES_AGGRESSIVE;
				CLANG_CXX_LANGUAGE_STANDARD = "gnu++14";
				CLANG_CXX_LIBRARY = "libc++";
				CLANG_ENABLE_MODULES = YES;
				CLANG_ENABLE_OBJC_ARC = YES;
				CLANG_ENABLE_OBJC_WEAK = YES;
				CLANG_WARN_BLOCK_CAPTURE_AUTORELEASING = YES;
				CLANG_WARN_BOOL_CONVERSION = YES;
				CLANG_WARN_COMMA = YES;
				CLANG_WARN_CONSTANT_CONVERSION = YES;
				CLANG_WARN_DEPRECATED_OBJC_IMPLEMENTATIONS = YES;
				CLANG_WARN_DIRECT_OBJC_ISA_USAGE = YES_ERROR;
				CLANG_WARN_DOCUMENTATION_COMMENTS = YES;
				CLANG_WARN_EMPTY_BODY = YES;
				CLANG_WARN_ENUM_CONVERSION = YES;
				CLANG_WARN_INFINITE_RECURSION = YES;
				CLANG_WARN_INT_CONVERSION = YES;
				CLANG_WARN_NON_LITERAL_NULL_CONVERSION = YES;
				CLANG_WARN_OBJC_IMPLICIT_RETAIN_SELF = YES;
				CLANG_WARN_OBJC_LITERAL_CONVERSION = YES;
				CLANG_WARN_OBJC_ROOT_CLASS = YES_ERROR;
				CLANG_WARN_QUOTED_INCLUDE_IN_FRAMEWORK_HEADER = YES;
				CLANG_WARN_RANGE_LOOP_ANALYSIS = YES;
				CLANG_WARN_STRICT_PROTOTYPES = YES;
				CLANG_WARN_SUSPICIOUS_MOVE = YES;
				CLANG_WARN_UNGUARDED_AVAILABILITY = YES_AGGRESSIVE;
				CLANG_WARN_UNREACHABLE_CODE = YES;
				CLANG_WARN__DUPLICATE_METHOD_MATCH = YES;
				COPY_PHASE_STRIP = NO;
				DEBUG_INFORMATION_FORMAT = dwarf;
				ENABLE_STRICT_OBJC_MSGSEND = YES;
				ENABLE_TESTABILITY = YES;
				GCC_C_LANGUAGE_STANDARD = gnu11;
				GCC_DYNAMIC_NO_PIC = NO;
				GCC_NO_COMMON_BLOCKS = YES;
				GCC_OPTIMIZATION_LEVEL = 0;
				GCC_PREPROCESSOR_DEFINITIONS = (
					"DEBUG=1",
					"$(inherited)",
				);
				GCC_WARN_64_TO_32_BIT_CONVERSION = YES;
				GCC_WARN_ABOUT_RETURN_TYPE = YES_ERROR;
				GCC_WARN_UNDECLARED_SELECTOR = YES;
				GCC_WARN_UNINITIALIZED_AUTOS = YES_AGGRESSIVE;
				GCC_WARN_UNUSED_FUNCTION = YES;
				GCC_WARN_UNUSED_VARIABLE = YES;
				IPHONEOS_DEPLOYMENT_TARGET = 14.5;
				MTL_ENABLE_DEBUG_INFO = INCLUDE_SOURCE;
				MTL_FAST_MATH = YES;
				ONLY_ACTIVE_ARCH = YES;
				SDKROOT = iphoneos;
				SWIFT_ACTIVE_COMPILATION_CONDITIONS = DEBUG;
				SWIFT_OPTIMIZATION_LEVEL = "-Onone";
			};
			name = Debug;
		};
		9B562AE2271B3A5800FB0EA4 /* Release */ = {
			isa = XCBuildConfiguration;
			buildSettings = {
				ALWAYS_SEARCH_USER_PATHS = NO;
				CLANG_ANALYZER_NONNULL = YES;
				CLANG_ANALYZER_NUMBER_OBJECT_CONVERSION = YES_AGGRESSIVE;
				CLANG_CXX_LANGUAGE_STANDARD = "gnu++14";
				CLANG_CXX_LIBRARY = "libc++";
				CLANG_ENABLE_MODULES = YES;
				CLANG_ENABLE_OBJC_ARC = YES;
				CLANG_ENABLE_OBJC_WEAK = YES;
				CLANG_WARN_BLOCK_CAPTURE_AUTORELEASING = YES;
				CLANG_WARN_BOOL_CONVERSION = YES;
				CLANG_WARN_COMMA = YES;
				CLANG_WARN_CONSTANT_CONVERSION = YES;
				CLANG_WARN_DEPRECATED_OBJC_IMPLEMENTATIONS = YES;
				CLANG_WARN_DIRECT_OBJC_ISA_USAGE = YES_ERROR;
				CLANG_WARN_DOCUMENTATION_COMMENTS = YES;
				CLANG_WARN_EMPTY_BODY = YES;
				CLANG_WARN_ENUM_CONVERSION = YES;
				CLANG_WARN_INFINITE_RECURSION = YES;
				CLANG_WARN_INT_CONVERSION = YES;
				CLANG_WARN_NON_LITERAL_NULL_CONVERSION = YES;
				CLANG_WARN_OBJC_IMPLICIT_RETAIN_SELF = YES;
				CLANG_WARN_OBJC_LITERAL_CONVERSION = YES;
				CLANG_WARN_OBJC_ROOT_CLASS = YES_ERROR;
				CLANG_WARN_QUOTED_INCLUDE_IN_FRAMEWORK_HEADER = YES;
				CLANG_WARN_RANGE_LOOP_ANALYSIS = YES;
				CLANG_WARN_STRICT_PROTOTYPES = YES;
				CLANG_WARN_SUSPICIOUS_MOVE = YES;
				CLANG_WARN_UNGUARDED_AVAILABILITY = YES_AGGRESSIVE;
				CLANG_WARN_UNREACHABLE_CODE = YES;
				CLANG_WARN__DUPLICATE_METHOD_MATCH = YES;
				COPY_PHASE_STRIP = NO;
				DEBUG_INFORMATION_FORMAT = "dwarf-with-dsym";
				ENABLE_NS_ASSERTIONS = NO;
				ENABLE_STRICT_OBJC_MSGSEND = YES;
				GCC_C_LANGUAGE_STANDARD = gnu11;
				GCC_NO_COMMON_BLOCKS = YES;
				GCC_WARN_64_TO_32_BIT_CONVERSION = YES;
				GCC_WARN_ABOUT_RETURN_TYPE = YES_ERROR;
				GCC_WARN_UNDECLARED_SELECTOR = YES;
				GCC_WARN_UNINITIALIZED_AUTOS = YES_AGGRESSIVE;
				GCC_WARN_UNUSED_FUNCTION = YES;
				GCC_WARN_UNUSED_VARIABLE = YES;
				IPHONEOS_DEPLOYMENT_TARGET = 14.5;
				MTL_ENABLE_DEBUG_INFO = NO;
				MTL_FAST_MATH = YES;
				SDKROOT = iphoneos;
				SWIFT_COMPILATION_MODE = wholemodule;
				SWIFT_OPTIMIZATION_LEVEL = "-O";
				VALIDATE_PRODUCT = YES;
			};
			name = Release;
		};
		9B562AE4271B3A5800FB0EA4 /* Debug */ = {
			isa = XCBuildConfiguration;
			buildSettings = {
				ASSETCATALOG_COMPILER_APPICON_NAME = AppIcon;
				ASSETCATALOG_COMPILER_GLOBAL_ACCENT_COLOR_NAME = AccentColor;
				CODE_SIGN_STYLE = Automatic;
				DEVELOPMENT_TEAM = 7AG3H6Y3C5;
				INFOPLIST_FILE = "Finding Surfaces/Info.plist";
				LD_RUNPATH_SEARCH_PATHS = (
					"$(inherited)",
					"@executable_path/Frameworks",
				);
				PRODUCT_BUNDLE_IDENTIFIER = "SurfacesSharapovaN.Finding-Surfaces";
				PRODUCT_NAME = "$(TARGET_NAME)";
				SWIFT_VERSION = 5.0;
				TARGETED_DEVICE_FAMILY = "1,2";
			};
			name = Debug;
		};
		9B562AE5271B3A5800FB0EA4 /* Release */ = {
			isa = XCBuildConfiguration;
			buildSettings = {
				ASSETCATALOG_COMPILER_APPICON_NAME = AppIcon;
				ASSETCATALOG_COMPILER_GLOBAL_ACCENT_COLOR_NAME = AccentColor;
				CODE_SIGN_STYLE = Automatic;
				DEVELOPMENT_TEAM = 7AG3H6Y3C5;
				INFOPLIST_FILE = "Finding Surfaces/Info.plist";
				LD_RUNPATH_SEARCH_PATHS = (
					"$(inherited)",
					"@executable_path/Frameworks",
				);
				PRODUCT_BUNDLE_IDENTIFIER = "SurfacesSharapovaN.Finding-Surfaces";
				PRODUCT_NAME = "$(TARGET_NAME)";
				SWIFT_VERSION = 5.0;
				TARGETED_DEVICE_FAMILY = "1,2";
			};
			name = Release;
		};
/* End XCBuildConfiguration section */

/* Begin XCConfigurationList section */
		9B562ACA271B3A5800FB0EA4 /* Build configuration list for PBXProject "Finding Surfaces" */ = {
			isa = XCConfigurationList;
			buildConfigurations = (
				9B562AE1271B3A5800FB0EA4 /* Debug */,
				9B562AE2271B3A5800FB0EA4 /* Release */,
			);
			defaultConfigurationIsVisible = 0;
			defaultConfigurationName = Release;
		};
		9B562AE3271B3A5800FB0EA4 /* Build configuration list for PBXNativeTarget "Finding Surfaces" */ = {
			isa = XCConfigurationList;
			buildConfigurations = (
				9B562AE4271B3A5800FB0EA4 /* Debug */,
				9B562AE5271B3A5800FB0EA4 /* Release */,
			);
			defaultConfigurationIsVisible = 0;
			defaultConfigurationName = Release;
		};
/* End XCConfigurationList section */
	};
	rootObject = 9B562AC7271B3A5800FB0EA4 /* Project object */;
}
